
Microsoft Visual Studio Solution File, Format Version 12.00
# Visual Studio Version 16
VisualStudioVersion = 16.0.29613.14
MinimumVisualStudioVersion = 10.0.40219.1
Project("{FAE04EC0-301F-11D3-BF4B-00C04F79EFBC}") = "BranchingExample", "BranchingExample\BranchingExample.csproj", "{B96F6BC0-3B51-4B95-97AC-E406FDED2C07}"
EndProject
Global
	GlobalSection(SolutionConfigurationPlatforms) = preSolution
		Debug|Any CPU = Debug|Any CPU
		Release|Any CPU = Release|Any CPU
	EndGlobalSection
	GlobalSection(ProjectConfigurationPlatforms) = postSolution
		{B96F6BC0-3B51-4B95-97AC-E406FDED2C07}.Debug|Any CPU.ActiveCfg = Debug|Any CPU
		{B96F6BC0-3B51-4B95-97AC-E406FDED2C07}.Debug|Any CPU.Build.0 = Debug|Any CPU
		{B96F6BC0-3B51-4B95-97AC-E406FDED2C07}.Release|Any CPU.ActiveCfg = Release|Any CPU
		{B96F6BC0-3B51-4B95-97AC-E406FDED2C07}.Release|Any CPU.Build.0 = Release|Any CPU
	EndGlobalSection
	GlobalSection(SolutionProperties) = preSolution
		HideSolutionNode = FALSE
	EndGlobalSection
	GlobalSection(ExtensibilityGlobals) = postSolution
		SolutionGuid = {4FD9D03E-56DE-4819-9847-4144A4F28C3F}
	EndGlobalSection
EndGlobal
